
Microsoft Visual Studio Solution File, Format Version 12.00
# Visual Studio Version 17
VisualStudioVersion = 17.13.35617.110
MinimumVisualStudioVersion = 10.0.40219.1
Project("{FAE04EC0-301F-11D3-BF4B-00C04F79EFBC}") = "Calculator", "Calculator\Calculator.csproj", "{FC9DBA23-25DC-4707-B745-2DB551C260E3}"
EndProject
Project("{FAE04EC0-301F-11D3-BF4B-00C04F79EFBC}") = "Calculator.MsTest.Tests", "Calculator.MsTest.Tests\Calculator.MsTest.Tests.csproj", "{F536D021-BA41-48B3-9DCD-C76FD1DD1B38}"
EndProject
Project("{FAE04EC0-301F-11D3-BF4B-00C04F79EFBC}") = "Calculator.Nunit.Tests", "Calculator.Nunit.Tests\Calculator.Nunit.Tests.csproj", "{778950B2-1690-4CB6-9B7F-FDBB06FE391C}"
EndProject
Project("{FAE04EC0-301F-11D3-BF4B-00C04F79EFBC}") = "Calculator.Xunit.Tests", "Calculator.Xunit.Tests\Calculator.Xunit.Tests.csproj", "{7E184F6D-4CB5-4F13-83F2-3B3FC08B7B58}"
EndProject
Project("{2150E333-8FDC-42A3-9474-1A3956D46DE8}") = "001_Calculator_Static", "001_Calculator_Static", "{02EA681E-C7D8-13C7-8484-4AC65E1B71E8}"
EndProject
Project("{2150E333-8FDC-42A3-9474-1A3956D46DE8}") = "003_Geometries_Mock", "003_Geometries_Mock", "{636304D1-124E-400E-A32E-3324DB2707D8}"
EndProject
Project("{2150E333-8FDC-42A3-9474-1A3956D46DE8}") = "002_EmergencyBreak_Instance", "002_EmergencyBreak_Instance", "{45703D3C-AB24-4278-BE59-D35E4B228A5C}"
EndProject
Project("{2150E333-8FDC-42A3-9474-1A3956D46DE8}") = "004_UserRegistration_Mock_And_DI", "004_UserRegistration_Mock_And_DI", "{9DC7DC2A-9DF5-4E88-82C7-A3E4DF8A2389}"
EndProject
Project("{2150E333-8FDC-42A3-9474-1A3956D46DE8}") = "005_DbService", "005_DbService", "{00B7C5B9-DCB2-480B-BAB3-8B8B20187AF3}"
EndProject
Project("{FAE04EC0-301F-11D3-BF4B-00C04F79EFBC}") = "EmergencyBrakeService", "EmergencyBreakService\EmergencyBrakeService.csproj", "{728A3595-5D94-4687-A3CD-AEE2D74B1DF8}"
EndProject
Project("{FAE04EC0-301F-11D3-BF4B-00C04F79EFBC}") = "EmergencyBrakeService.Tests", "EmergencyBrakeService.Tests\EmergencyBrakeService.Tests.csproj", "{72484BE4-06F1-4568-95CA-1F2B1ADB8772}"
EndProject
Project("{FAE04EC0-301F-11D3-BF4B-00C04F79EFBC}") = "Geometries", "Geometries\Geometries.csproj", "{1087506F-4180-4D34-98CA-D0C3D4C41F64}"
EndProject
Project("{FAE04EC0-301F-11D3-BF4B-00C04F79EFBC}") = "UserRegistration", "UserRegistration\UserRegistration.csproj", "{88194316-BEC9-40FF-B2EE-2667F439CC3F}"
EndProject
Project("{FAE04EC0-301F-11D3-BF4B-00C04F79EFBC}") = "UserRegistration.Common", "UserRegistration.Common\UserRegistration.Common.csproj", "{12B71001-8FE5-4845-B9E3-74E3E250B7D0}"
EndProject
Project("{FAE04EC0-301F-11D3-BF4B-00C04F79EFBC}") = "DbService.Common", "DbService.Common\DbService.Common.csproj", "{C47A6ECF-B26A-450E-8443-CF9BFF8A0466}"
EndProject
Project("{FAE04EC0-301F-11D3-BF4B-00C04F79EFBC}") = "DbService", "DbService\DbService.csproj", "{75F3D94D-3485-49D1-A8C0-C506AD76CA1E}"
EndProject
Project("{FAE04EC0-301F-11D3-BF4B-00C04F79EFBC}") = "DbService.Tests", "DbService.Tests\DbService.Tests.csproj", "{5E33343F-5EC9-46D5-A22E-85961E9D09CB}"
EndProject
Global
	GlobalSection(SolutionConfigurationPlatforms) = preSolution
		Debug|Any CPU = Debug|Any CPU
		Release|Any CPU = Release|Any CPU
	EndGlobalSection
	GlobalSection(ProjectConfigurationPlatforms) = postSolution
		{FC9DBA23-25DC-4707-B745-2DB551C260E3}.Debug|Any CPU.ActiveCfg = Debug|Any CPU
		{FC9DBA23-25DC-4707-B745-2DB551C260E3}.Debug|Any CPU.Build.0 = Debug|Any CPU
		{FC9DBA23-25DC-4707-B745-2DB551C260E3}.Release|Any CPU.ActiveCfg = Release|Any CPU
		{FC9DBA23-25DC-4707-B745-2DB551C260E3}.Release|Any CPU.Build.0 = Release|Any CPU
		{F536D021-BA41-48B3-9DCD-C76FD1DD1B38}.Debug|Any CPU.ActiveCfg = Debug|Any CPU
		{F536D021-BA41-48B3-9DCD-C76FD1DD1B38}.Debug|Any CPU.Build.0 = Debug|Any CPU
		{F536D021-BA41-48B3-9DCD-C76FD1DD1B38}.Release|Any CPU.ActiveCfg = Release|Any CPU
		{F536D021-BA41-48B3-9DCD-C76FD1DD1B38}.Release|Any CPU.Build.0 = Release|Any CPU
		{778950B2-1690-4CB6-9B7F-FDBB06FE391C}.Debug|Any CPU.ActiveCfg = Debug|Any CPU
		{778950B2-1690-4CB6-9B7F-FDBB06FE391C}.Debug|Any CPU.Build.0 = Debug|Any CPU
		{778950B2-1690-4CB6-9B7F-FDBB06FE391C}.Release|Any CPU.ActiveCfg = Release|Any CPU
		{778950B2-1690-4CB6-9B7F-FDBB06FE391C}.Release|Any CPU.Build.0 = Release|Any CPU
		{7E184F6D-4CB5-4F13-83F2-3B3FC08B7B58}.Debug|Any CPU.ActiveCfg = Debug|Any CPU
		{7E184F6D-4CB5-4F13-83F2-3B3FC08B7B58}.Debug|Any CPU.Build.0 = Debug|Any CPU
		{7E184F6D-4CB5-4F13-83F2-3B3FC08B7B58}.Release|Any CPU.ActiveCfg = Release|Any CPU
		{7E184F6D-4CB5-4F13-83F2-3B3FC08B7B58}.Release|Any CPU.Build.0 = Release|Any CPU
		{728A3595-5D94-4687-A3CD-AEE2D74B1DF8}.Debug|Any CPU.ActiveCfg = Debug|Any CPU
		{728A3595-5D94-4687-A3CD-AEE2D74B1DF8}.Debug|Any CPU.Build.0 = Debug|Any CPU
		{728A3595-5D94-4687-A3CD-AEE2D74B1DF8}.Release|Any CPU.ActiveCfg = Release|Any CPU
		{728A3595-5D94-4687-A3CD-AEE2D74B1DF8}.Release|Any CPU.Build.0 = Release|Any CPU
		{72484BE4-06F1-4568-95CA-1F2B1ADB8772}.Debug|Any CPU.ActiveCfg = Debug|Any CPU
		{72484BE4-06F1-4568-95CA-1F2B1ADB8772}.Debug|Any CPU.Build.0 = Debug|Any CPU
		{72484BE4-06F1-4568-95CA-1F2B1ADB8772}.Release|Any CPU.ActiveCfg = Release|Any CPU
		{72484BE4-06F1-4568-95CA-1F2B1ADB8772}.Release|Any CPU.Build.0 = Release|Any CPU
		{1087506F-4180-4D34-98CA-D0C3D4C41F64}.Debug|Any CPU.ActiveCfg = Debug|Any CPU
		{1087506F-4180-4D34-98CA-D0C3D4C41F64}.Debug|Any CPU.Build.0 = Debug|Any CPU
		{1087506F-4180-4D34-98CA-D0C3D4C41F64}.Release|Any CPU.ActiveCfg = Release|Any CPU
		{1087506F-4180-4D34-98CA-D0C3D4C41F64}.Release|Any CPU.Build.0 = Release|Any CPU
		{88194316-BEC9-40FF-B2EE-2667F439CC3F}.Debug|Any CPU.ActiveCfg = Debug|Any CPU
		{88194316-BEC9-40FF-B2EE-2667F439CC3F}.Debug|Any CPU.Build.0 = Debug|Any CPU
		{88194316-BEC9-40FF-B2EE-2667F439CC3F}.Release|Any CPU.ActiveCfg = Release|Any CPU
		{88194316-BEC9-40FF-B2EE-2667F439CC3F}.Release|Any CPU.Build.0 = Release|Any CPU
		{12B71001-8FE5-4845-B9E3-74E3E250B7D0}.Debug|Any CPU.ActiveCfg = Debug|Any CPU
		{12B71001-8FE5-4845-B9E3-74E3E250B7D0}.Debug|Any CPU.Build.0 = Debug|Any CPU
		{12B71001-8FE5-4845-B9E3-74E3E250B7D0}.Release|Any CPU.ActiveCfg = Release|Any CPU
		{12B71001-8FE5-4845-B9E3-74E3E250B7D0}.Release|Any CPU.Build.0 = Release|Any CPU
		{C47A6ECF-B26A-450E-8443-CF9BFF8A0466}.Debug|Any CPU.ActiveCfg = Debug|Any CPU
		{C47A6ECF-B26A-450E-8443-CF9BFF8A0466}.Debug|Any CPU.Build.0 = Debug|Any CPU
		{C47A6ECF-B26A-450E-8443-CF9BFF8A0466}.Release|Any CPU.ActiveCfg = Release|Any CPU
		{C47A6ECF-B26A-450E-8443-CF9BFF8A0466}.Release|Any CPU.Build.0 = Release|Any CPU
		{75F3D94D-3485-49D1-A8C0-C506AD76CA1E}.Debug|Any CPU.ActiveCfg = Debug|Any CPU
		{75F3D94D-3485-49D1-A8C0-C506AD76CA1E}.Debug|Any CPU.Build.0 = Debug|Any CPU
		{75F3D94D-3485-49D1-A8C0-C506AD76CA1E}.Release|Any CPU.ActiveCfg = Release|Any CPU
		{75F3D94D-3485-49D1-A8C0-C506AD76CA1E}.Release|Any CPU.Build.0 = Release|Any CPU
		{5E33343F-5EC9-46D5-A22E-85961E9D09CB}.Debug|Any CPU.ActiveCfg = Debug|Any CPU
		{5E33343F-5EC9-46D5-A22E-85961E9D09CB}.Debug|Any CPU.Build.0 = Debug|Any CPU
		{5E33343F-5EC9-46D5-A22E-85961E9D09CB}.Release|Any CPU.ActiveCfg = Release|Any CPU
		{5E33343F-5EC9-46D5-A22E-85961E9D09CB}.Release|Any CPU.Build.0 = Release|Any CPU
	EndGlobalSection
	GlobalSection(SolutionProperties) = preSolution
		HideSolutionNode = FALSE
	EndGlobalSection
	GlobalSection(NestedProjects) = preSolution
		{FC9DBA23-25DC-4707-B745-2DB551C260E3} = {02EA681E-C7D8-13C7-8484-4AC65E1B71E8}
		{F536D021-BA41-48B3-9DCD-C76FD1DD1B38} = {02EA681E-C7D8-13C7-8484-4AC65E1B71E8}
		{778950B2-1690-4CB6-9B7F-FDBB06FE391C} = {02EA681E-C7D8-13C7-8484-4AC65E1B71E8}
		{7E184F6D-4CB5-4F13-83F2-3B3FC08B7B58} = {02EA681E-C7D8-13C7-8484-4AC65E1B71E8}
		{728A3595-5D94-4687-A3CD-AEE2D74B1DF8} = {45703D3C-AB24-4278-BE59-D35E4B228A5C}
		{72484BE4-06F1-4568-95CA-1F2B1ADB8772} = {45703D3C-AB24-4278-BE59-D35E4B228A5C}
		{1087506F-4180-4D34-98CA-D0C3D4C41F64} = {636304D1-124E-400E-A32E-3324DB2707D8}
		{88194316-BEC9-40FF-B2EE-2667F439CC3F} = {9DC7DC2A-9DF5-4E88-82C7-A3E4DF8A2389}
		{12B71001-8FE5-4845-B9E3-74E3E250B7D0} = {9DC7DC2A-9DF5-4E88-82C7-A3E4DF8A2389}
		{C47A6ECF-B26A-450E-8443-CF9BFF8A0466} = {00B7C5B9-DCB2-480B-BAB3-8B8B20187AF3}
		{75F3D94D-3485-49D1-A8C0-C506AD76CA1E} = {00B7C5B9-DCB2-480B-BAB3-8B8B20187AF3}
		{5E33343F-5EC9-46D5-A22E-85961E9D09CB} = {00B7C5B9-DCB2-480B-BAB3-8B8B20187AF3}
	EndGlobalSection
	GlobalSection(ExtensibilityGlobals) = postSolution
		SolutionGuid = {53E3E13B-8C12-489A-9C8C-FB495F31F03E}
	EndGlobalSection
EndGlobal
